
Microsoft Visual Studio Solution File, Format Version 12.00
# Visual Studio Version 16
VisualStudioVersion = 16.0.29709.97
MinimumVisualStudioVersion = 10.0.40219.1
Project("{FAE04EC0-301F-11D3-BF4B-00C04F79EFBC}") = "Class Lib Calculation", "Class Lib Calculation\Class Lib Calculation.csproj", "{F1D25E56-2FA5-4EC0-B99B-7BE56AC6E8AA}"
EndProject
Global
	GlobalSection(SolutionConfigurationPlatforms) = preSolution
		Debug|Any CPU = Debug|Any CPU
		Release|Any CPU = Release|Any CPU
	EndGlobalSection
	GlobalSection(ProjectConfigurationPlatforms) = postSolution
		{F1D25E56-2FA5-4EC0-B99B-7BE56AC6E8AA}.Debug|Any CPU.ActiveCfg = Debug|Any CPU
		{F1D25E56-2FA5-4EC0-B99B-7BE56AC6E8AA}.Debug|Any CPU.Build.0 = Debug|Any CPU
		{F1D25E56-2FA5-4EC0-B99B-7BE56AC6E8AA}.Release|Any CPU.ActiveCfg = Release|Any CPU
		{F1D25E56-2FA5-4EC0-B99B-7BE56AC6E8AA}.Release|Any CPU.Build.0 = Release|Any CPU
	EndGlobalSection
	GlobalSection(SolutionProperties) = preSolution
		HideSolutionNode = FALSE
	EndGlobalSection
	GlobalSection(ExtensibilityGlobals) = postSolution
		SolutionGuid = {53F06B54-9007-4A1F-B543-39A7A29B9349}
	EndGlobalSection
EndGlobal
